
Microsoft Visual Studio Solution File, Format Version 12.00
# Visual Studio 15
VisualStudioVersion = 15.0.33403.129
MinimumVisualStudioVersion = 10.0.40219.1
Project("{FAE04EC0-301F-11D3-BF4B-00C04F79EFBC}") = "DrinksApp", "DrinksApp\DrinksApp.csproj", "{A34BE6EE-D542-4F66-91A9-0CFF478657A3}"
EndProject
Global
	GlobalSection(SolutionConfigurationPlatforms) = preSolution
		Debug|Any CPU = Debug|Any CPU
		Release|Any CPU = Release|Any CPU
	EndGlobalSection
	GlobalSection(ProjectConfigurationPlatforms) = postSolution
		{A34BE6EE-D542-4F66-91A9-0CFF478657A3}.Debug|Any CPU.ActiveCfg = Debug|Any CPU
		{A34BE6EE-D542-4F66-91A9-0CFF478657A3}.Debug|Any CPU.Build.0 = Debug|Any CPU
		{A34BE6EE-D542-4F66-91A9-0CFF478657A3}.Release|Any CPU.ActiveCfg = Release|Any CPU
		{A34BE6EE-D542-4F66-91A9-0CFF478657A3}.Release|Any CPU.Build.0 = Release|Any CPU
	EndGlobalSection
	GlobalSection(SolutionProperties) = preSolution
		HideSolutionNode = FALSE
	EndGlobalSection
	GlobalSection(ExtensibilityGlobals) = postSolution
		SolutionGuid = {B0A71E62-2233-4CC2-AC56-C7AF7CC8FE86}
	EndGlobalSection
EndGlobal
